
Microsoft Visual Studio Solution File, Format Version 12.00
# Visual Studio 2012
Project("{FAE04EC0-301F-11D3-BF4B-00C04F79EFBC}") = "StunningCommunity.Web", "StunningCommunity.Web\StunningCommunity.Web.csproj", "{AA0354B3-BDB2-41D5-8732-A4E526D03EA3}"
EndProject
Project("{FAE04EC0-301F-11D3-BF4B-00C04F79EFBC}") = "StunningCommunity.Tests", "StunningCommunity.Tests\StunningCommunity.Tests.csproj", "{2FFDD3A6-208B-4908-A57C-A4575DF12E04}"
EndProject
Project("{FAE04EC0-301F-11D3-BF4B-00C04F79EFBC}") = "StunningCommunity.Model", "StunningCommunity.Model\StunningCommunity.Model.csproj", "{7F8E0F7A-E5BF-48A9-BF49-BF839A4F4F43}"
EndProject
Project("{FAE04EC0-301F-11D3-BF4B-00C04F79EFBC}") = "StunningCommunity.Data", "StunningCommunity.Data\StunningCommunity.Data.csproj", "{A54CC51C-81AD-498C-851A-3002ABDC2A66}"
EndProject
Global
	GlobalSection(SolutionConfigurationPlatforms) = preSolution
		Debug|Any CPU = Debug|Any CPU
		Release|Any CPU = Release|Any CPU
	EndGlobalSection
	GlobalSection(ProjectConfigurationPlatforms) = postSolution
		{AA0354B3-BDB2-41D5-8732-A4E526D03EA3}.Debug|Any CPU.ActiveCfg = Debug|Any CPU
		{AA0354B3-BDB2-41D5-8732-A4E526D03EA3}.Debug|Any CPU.Build.0 = Debug|Any CPU
		{AA0354B3-BDB2-41D5-8732-A4E526D03EA3}.Release|Any CPU.ActiveCfg = Release|Any CPU
		{AA0354B3-BDB2-41D5-8732-A4E526D03EA3}.Release|Any CPU.Build.0 = Release|Any CPU
		{2FFDD3A6-208B-4908-A57C-A4575DF12E04}.Debug|Any CPU.ActiveCfg = Debug|Any CPU
		{2FFDD3A6-208B-4908-A57C-A4575DF12E04}.Debug|Any CPU.Build.0 = Debug|Any CPU
		{2FFDD3A6-208B-4908-A57C-A4575DF12E04}.Release|Any CPU.ActiveCfg = Release|Any CPU
		{2FFDD3A6-208B-4908-A57C-A4575DF12E04}.Release|Any CPU.Build.0 = Release|Any CPU
		{7F8E0F7A-E5BF-48A9-BF49-BF839A4F4F43}.Debug|Any CPU.ActiveCfg = Debug|Any CPU
		{7F8E0F7A-E5BF-48A9-BF49-BF839A4F4F43}.Debug|Any CPU.Build.0 = Debug|Any CPU
		{7F8E0F7A-E5BF-48A9-BF49-BF839A4F4F43}.Release|Any CPU.ActiveCfg = Release|Any CPU
		{7F8E0F7A-E5BF-48A9-BF49-BF839A4F4F43}.Release|Any CPU.Build.0 = Release|Any CPU
		{A54CC51C-81AD-498C-851A-3002ABDC2A66}.Debug|Any CPU.ActiveCfg = Debug|Any CPU
		{A54CC51C-81AD-498C-851A-3002ABDC2A66}.Debug|Any CPU.Build.0 = Debug|Any CPU
		{A54CC51C-81AD-498C-851A-3002ABDC2A66}.Release|Any CPU.ActiveCfg = Release|Any CPU
		{A54CC51C-81AD-498C-851A-3002ABDC2A66}.Release|Any CPU.Build.0 = Release|Any CPU
	EndGlobalSection
	GlobalSection(SolutionProperties) = preSolution
		HideSolutionNode = FALSE
	EndGlobalSection
	GlobalSection(ExtensibilityGlobals) = postSolution
		EnterpriseLibraryConfigurationToolBinariesPath = packages\Unity.2.1.505.2\lib\NET35
	EndGlobalSection
EndGlobal
